// !$*UTF8*$!
{
	archiveVersion = 1;
	classes = {
	};
	objectVersion = 50;
	objects = {

/* Begin PBXBuildFile section */
		CBD0083A25F265CF00CEBD82 /* AppDelegate.swift in Sources */ = {isa = PBXBuildFile; fileRef = CBD0083925F265CF00CEBD82 /* AppDelegate.swift */; };
		CBD0083C25F265CF00CEBD82 /* SceneDelegate.swift in Sources */ = {isa = PBXBuildFile; fileRef = CBD0083B25F265CF00CEBD82 /* SceneDelegate.swift */; };
		CBD0083E25F265CF00CEBD82 /* HomeViewController.swift in Sources */ = {isa = PBXBuildFile; fileRef = CBD0083D25F265CF00CEBD82 /* HomeViewController.swift */; };
		CBD0084325F265D000CEBD82 /* Assets.xcassets in Resources */ = {isa = PBXBuildFile; fileRef = CBD0084225F265D000CEBD82 /* Assets.xcassets */; };
		CBD0084625F265D000CEBD82 /* LaunchScreen.storyboard in Resources */ = {isa = PBXBuildFile; fileRef = CBD0084425F265D000CEBD82 /* LaunchScreen.storyboard */; };
		CBD0085725F2690900CEBD82 /* TabBarViewController.swift in Sources */ = {isa = PBXBuildFile; fileRef = CBD0085625F2690900CEBD82 /* TabBarViewController.swift */; };
		CBD0085A25F2697C00CEBD82 /* SearchViewController.swift in Sources */ = {isa = PBXBuildFile; fileRef = CBD0085925F2697C00CEBD82 /* SearchViewController.swift */; };
		CBD0085E25F2699D00CEBD82 /* LibraryViewController.swift in Sources */ = {isa = PBXBuildFile; fileRef = CBD0085D25F2699D00CEBD82 /* LibraryViewController.swift */; };
		CBD0086425F26A5100CEBD82 /* AuthViewController.swift in Sources */ = {isa = PBXBuildFile; fileRef = CBD0086325F26A5100CEBD82 /* AuthViewController.swift */; };
		CBD0086825F26A5F00CEBD82 /* WelcomeViewController.swift in Sources */ = {isa = PBXBuildFile; fileRef = CBD0086725F26A5F00CEBD82 /* WelcomeViewController.swift */; };
		CBD0086B25F26A6F00CEBD82 /* SettingsViewController.swift in Sources */ = {isa = PBXBuildFile; fileRef = CBD0086A25F26A6F00CEBD82 /* SettingsViewController.swift */; };
		CBD0086E25F26A8300CEBD82 /* ProfileViewController.swift in Sources */ = {isa = PBXBuildFile; fileRef = CBD0086D25F26A8300CEBD82 /* ProfileViewController.swift */; };
		CBD0087125F26A9300CEBD82 /* PlayerViewController.swift in Sources */ = {isa = PBXBuildFile; fileRef = CBD0087025F26A9300CEBD82 /* PlayerViewController.swift */; };
		CBD0087425F26AA100CEBD82 /* PlaylistViewController.swift in Sources */ = {isa = PBXBuildFile; fileRef = CBD0087325F26AA100CEBD82 /* PlaylistViewController.swift */; };
		CBD0087725F26AB500CEBD82 /* SearchResultViewController.swift in Sources */ = {isa = PBXBuildFile; fileRef = CBD0087625F26AB500CEBD82 /* SearchResultViewController.swift */; };
		CBD0087B25F26B2200CEBD82 /* Auth.swift in Sources */ = {isa = PBXBuildFile; fileRef = CBD0087A25F26B2200CEBD82 /* Auth.swift */; };
		CBD0087F25F26B3000CEBD82 /* Api.swift in Sources */ = {isa = PBXBuildFile; fileRef = CBD0087E25F26B3000CEBD82 /* Api.swift */; };
		CBD0088225F26B4C00CEBD82 /* HapticsManager.swift in Sources */ = {isa = PBXBuildFile; fileRef = CBD0088125F26B4C00CEBD82 /* HapticsManager.swift */; };
		CBD0088525F26BA900CEBD82 /* Playlist.swift in Sources */ = {isa = PBXBuildFile; fileRef = CBD0088425F26BA900CEBD82 /* Playlist.swift */; };
		CBD0088825F26BB600CEBD82 /* AudioTrack.swift in Sources */ = {isa = PBXBuildFile; fileRef = CBD0088725F26BB600CEBD82 /* AudioTrack.swift */; };
		CBD0088B25F26BC300CEBD82 /* Artist.swift in Sources */ = {isa = PBXBuildFile; fileRef = CBD0088A25F26BC300CEBD82 /* Artist.swift */; };
		CBD0088E25F26BD500CEBD82 /* UserProfile.swift in Sources */ = {isa = PBXBuildFile; fileRef = CBD0088D25F26BD500CEBD82 /* UserProfile.swift */; };
/* End PBXBuildFile section */

/* Begin PBXFileReference section */
		CBD0083625F265CF00CEBD82 /* Banga!.app */ = {isa = PBXFileReference; explicitFileType = wrapper.application; includeInIndex = 0; path = "Banga!.app"; sourceTree = BUILT_PRODUCTS_DIR; };
		CBD0083925F265CF00CEBD82 /* AppDelegate.swift */ = {isa = PBXFileReference; lastKnownFileType = sourcecode.swift; path = AppDelegate.swift; sourceTree = "<group>"; };
		CBD0083B25F265CF00CEBD82 /* SceneDelegate.swift */ = {isa = PBXFileReference; lastKnownFileType = sourcecode.swift; path = SceneDelegate.swift; sourceTree = "<group>"; };
		CBD0083D25F265CF00CEBD82 /* HomeViewController.swift */ = {isa = PBXFileReference; lastKnownFileType = sourcecode.swift; path = HomeViewController.swift; sourceTree = "<group>"; };
		CBD0084225F265D000CEBD82 /* Assets.xcassets */ = {isa = PBXFileReference; lastKnownFileType = folder.assetcatalog; path = Assets.xcassets; sourceTree = "<group>"; };
		CBD0084525F265D000CEBD82 /* Base */ = {isa = PBXFileReference; lastKnownFileType = file.storyboard; name = Base; path = Base.lproj/LaunchScreen.storyboard; sourceTree = "<group>"; };
		CBD0084725F265D000CEBD82 /* Info.plist */ = {isa = PBXFileReference; lastKnownFileType = text.plist.xml; path = Info.plist; sourceTree = "<group>"; };
		CBD0085625F2690900CEBD82 /* TabBarViewController.swift */ = {isa = PBXFileReference; lastKnownFileType = sourcecode.swift; path = TabBarViewController.swift; sourceTree = "<group>"; };
		CBD0085925F2697C00CEBD82 /* SearchViewController.swift */ = {isa = PBXFileReference; lastKnownFileType = sourcecode.swift; path = SearchViewController.swift; sourceTree = "<group>"; };
		CBD0085D25F2699D00CEBD82 /* LibraryViewController.swift */ = {isa = PBXFileReference; lastKnownFileType = sourcecode.swift; path = LibraryViewController.swift; sourceTree = "<group>"; };
		CBD0086325F26A5100CEBD82 /* AuthViewController.swift */ = {isa = PBXFileReference; lastKnownFileType = sourcecode.swift; path = AuthViewController.swift; sourceTree = "<group>"; };
		CBD0086725F26A5F00CEBD82 /* WelcomeViewController.swift */ = {isa = PBXFileReference; lastKnownFileType = sourcecode.swift; path = WelcomeViewController.swift; sourceTree = "<group>"; };
		CBD0086A25F26A6F00CEBD82 /* SettingsViewController.swift */ = {isa = PBXFileReference; lastKnownFileType = sourcecode.swift; path = SettingsViewController.swift; sourceTree = "<group>"; };
		CBD0086D25F26A8300CEBD82 /* ProfileViewController.swift */ = {isa = PBXFileReference; lastKnownFileType = sourcecode.swift; path = ProfileViewController.swift; sourceTree = "<group>"; };
		CBD0087025F26A9300CEBD82 /* PlayerViewController.swift */ = {isa = PBXFileReference; lastKnownFileType = sourcecode.swift; path = PlayerViewController.swift; sourceTree = "<group>"; };
		CBD0087325F26AA100CEBD82 /* PlaylistViewController.swift */ = {isa = PBXFileReference; lastKnownFileType = sourcecode.swift; path = PlaylistViewController.swift; sourceTree = "<group>"; };
		CBD0087625F26AB500CEBD82 /* SearchResultViewController.swift */ = {isa = PBXFileReference; lastKnownFileType = sourcecode.swift; path = SearchResultViewController.swift; sourceTree = "<group>"; };
		CBD0087A25F26B2200CEBD82 /* Auth.swift */ = {isa = PBXFileReference; lastKnownFileType = sourcecode.swift; path = Auth.swift; sourceTree = "<group>"; };
		CBD0087E25F26B3000CEBD82 /* Api.swift */ = {isa = PBXFileReference; lastKnownFileType = sourcecode.swift; path = Api.swift; sourceTree = "<group>"; };
		CBD0088125F26B4C00CEBD82 /* HapticsManager.swift */ = {isa = PBXFileReference; lastKnownFileType = sourcecode.swift; path = HapticsManager.swift; sourceTree = "<group>"; };
		CBD0088425F26BA900CEBD82 /* Playlist.swift */ = {isa = PBXFileReference; lastKnownFileType = sourcecode.swift; path = Playlist.swift; sourceTree = "<group>"; };
		CBD0088725F26BB600CEBD82 /* AudioTrack.swift */ = {isa = PBXFileReference; lastKnownFileType = sourcecode.swift; path = AudioTrack.swift; sourceTree = "<group>"; };
		CBD0088A25F26BC300CEBD82 /* Artist.swift */ = {isa = PBXFileReference; lastKnownFileType = sourcecode.swift; path = Artist.swift; sourceTree = "<group>"; };
		CBD0088D25F26BD500CEBD82 /* UserProfile.swift */ = {isa = PBXFileReference; lastKnownFileType = sourcecode.swift; path = UserProfile.swift; sourceTree = "<group>"; };
/* End PBXFileReference section */

/* Begin PBXFrameworksBuildPhase section */
		CBD0083325F265CF00CEBD82 /* Frameworks */ = {
			isa = PBXFrameworksBuildPhase;
			buildActionMask = 2147483647;
			files = (
			);
			runOnlyForDeploymentPostprocessing = 0;
		};
/* End PBXFrameworksBuildPhase section */

/* Begin PBXGroup section */
		CBD0082D25F265CF00CEBD82 = {
			isa = PBXGroup;
			children = (
				CBD0083825F265CF00CEBD82 /* Banga! */,
				CBD0083725F265CF00CEBD82 /* Products */,
			);
			sourceTree = "<group>";
		};
		CBD0083725F265CF00CEBD82 /* Products */ = {
			isa = PBXGroup;
			children = (
				CBD0083625F265CF00CEBD82 /* Banga!.app */,
			);
			name = Products;
			sourceTree = "<group>";
		};
		CBD0083825F265CF00CEBD82 /* Banga! */ = {
			isa = PBXGroup;
			children = (
				CBD0087925F26B0D00CEBD82 /* Managers */,
				CBD0085325F2660500CEBD82 /* Resources */,
				CBD0085225F265FC00CEBD82 /* Models */,
				CBD0085125F265F200CEBD82 /* Controllers */,
				CBD0085025F265E600CEBD82 /* ViewModels */,
				CBD0084E25F265DD00CEBD82 /* Views */,
				CBD0084725F265D000CEBD82 /* Info.plist */,
			);
			path = "Banga!";
			sourceTree = "<group>";
		};
		CBD0084E25F265DD00CEBD82 /* Views */ = {
			isa = PBXGroup;
			children = (
				CBD0084425F265D000CEBD82 /* LaunchScreen.storyboard */,
			);
			path = Views;
			sourceTree = "<group>";
		};
		CBD0085025F265E600CEBD82 /* ViewModels */ = {
			isa = PBXGroup;
			children = (
			);
			path = ViewModels;
			sourceTree = "<group>";
		};
		CBD0085125F265F200CEBD82 /* Controllers */ = {
			isa = PBXGroup;
			children = (
				CBD0086225F26A3700CEBD82 /* Others */,
				CBD0086025F269BF00CEBD82 /* Core */,
			);
			path = Controllers;
			sourceTree = "<group>";
		};
		CBD0085225F265FC00CEBD82 /* Models */ = {
			isa = PBXGroup;
			children = (
				CBD0088425F26BA900CEBD82 /* Playlist.swift */,
				CBD0088725F26BB600CEBD82 /* AudioTrack.swift */,
				CBD0088A25F26BC300CEBD82 /* Artist.swift */,
				CBD0088D25F26BD500CEBD82 /* UserProfile.swift */,
			);
			path = Models;
			sourceTree = "<group>";
		};
		CBD0085325F2660500CEBD82 /* Resources */ = {
			isa = PBXGroup;
			children = (
				CBD0084225F265D000CEBD82 /* Assets.xcassets */,
				CBD0083B25F265CF00CEBD82 /* SceneDelegate.swift */,
				CBD0083925F265CF00CEBD82 /* AppDelegate.swift */,
			);
			path = Resources;
			sourceTree = "<group>";
		};
		CBD0086025F269BF00CEBD82 /* Core */ = {
			isa = PBXGroup;
			children = (
				CBD0083D25F265CF00CEBD82 /* HomeViewController.swift */,
				CBD0085625F2690900CEBD82 /* TabBarViewController.swift */,
				CBD0085925F2697C00CEBD82 /* SearchViewController.swift */,
				CBD0085D25F2699D00CEBD82 /* LibraryViewController.swift */,
			);
			path = Core;
			sourceTree = "<group>";
		};
		CBD0086225F26A3700CEBD82 /* Others */ = {
			isa = PBXGroup;
			children = (
				CBD0086325F26A5100CEBD82 /* AuthViewController.swift */,
				CBD0086725F26A5F00CEBD82 /* WelcomeViewController.swift */,
				CBD0086A25F26A6F00CEBD82 /* SettingsViewController.swift */,
				CBD0086D25F26A8300CEBD82 /* ProfileViewController.swift */,
				CBD0087025F26A9300CEBD82 /* PlayerViewController.swift */,
				CBD0087325F26AA100CEBD82 /* PlaylistViewController.swift */,
				CBD0087625F26AB500CEBD82 /* SearchResultViewController.swift */,
			);
			path = Others;
			sourceTree = "<group>";
		};
		CBD0087925F26B0D00CEBD82 /* Managers */ = {
			isa = PBXGroup;
			children = (
				CBD0087A25F26B2200CEBD82 /* Auth.swift */,
				CBD0087E25F26B3000CEBD82 /* Api.swift */,
				CBD0088125F26B4C00CEBD82 /* HapticsManager.swift */,
			);
			path = Managers;
			sourceTree = "<group>";
		};
/* End PBXGroup section */

/* Begin PBXNativeTarget section */
		CBD0083525F265CF00CEBD82 /* Banga! */ = {
			isa = PBXNativeTarget;
			buildConfigurationList = CBD0084A25F265D000CEBD82 /* Build configuration list for PBXNativeTarget "Banga!" */;
			buildPhases = (
				CBD0083225F265CF00CEBD82 /* Sources */,
				CBD0083325F265CF00CEBD82 /* Frameworks */,
				CBD0083425F265CF00CEBD82 /* Resources */,
			);
			buildRules = (
			);
			dependencies = (
			);
			name = "Banga!";
			productName = "Banga!";
			productReference = CBD0083625F265CF00CEBD82 /* Banga!.app */;
			productType = "com.apple.product-type.application";
		};
/* End PBXNativeTarget section */

/* Begin PBXProject section */
		CBD0082E25F265CF00CEBD82 /* Project object */ = {
			isa = PBXProject;
			attributes = {
				LastSwiftUpdateCheck = 1240;
				LastUpgradeCheck = 1240;
				TargetAttributes = {
					CBD0083525F265CF00CEBD82 = {
						CreatedOnToolsVersion = 12.4;
					};
				};
			};
			buildConfigurationList = CBD0083125F265CF00CEBD82 /* Build configuration list for PBXProject "Banga!" */;
			compatibilityVersion = "Xcode 9.3";
			developmentRegion = en;
			hasScannedForEncodings = 0;
			knownRegions = (
				en,
				Base,
			);
			mainGroup = CBD0082D25F265CF00CEBD82;
			productRefGroup = CBD0083725F265CF00CEBD82 /* Products */;
			projectDirPath = "";
			projectRoot = "";
			targets = (
				CBD0083525F265CF00CEBD82 /* Banga! */,
			);
		};
/* End PBXProject section */

/* Begin PBXResourcesBuildPhase section */
		CBD0083425F265CF00CEBD82 /* Resources */ = {
			isa = PBXResourcesBuildPhase;
			buildActionMask = 2147483647;
			files = (
				CBD0084625F265D000CEBD82 /* LaunchScreen.storyboard in Resources */,
				CBD0084325F265D000CEBD82 /* Assets.xcassets in Resources */,
			);
			runOnlyForDeploymentPostprocessing = 0;
		};
/* End PBXResourcesBuildPhase section */

/* Begin PBXSourcesBuildPhase section */
		CBD0083225F265CF00CEBD82 /* Sources */ = {
			isa = PBXSourcesBuildPhase;
			buildActionMask = 2147483647;
			files = (
				CBD0085A25F2697C00CEBD82 /* SearchViewController.swift in Sources */,
				CBD0088525F26BA900CEBD82 /* Playlist.swift in Sources */,
				CBD0086825F26A5F00CEBD82 /* WelcomeViewController.swift in Sources */,
				CBD0086E25F26A8300CEBD82 /* ProfileViewController.swift in Sources */,
				CBD0087F25F26B3000CEBD82 /* Api.swift in Sources */,
				CBD0085725F2690900CEBD82 /* TabBarViewController.swift in Sources */,
				CBD0083E25F265CF00CEBD82 /* HomeViewController.swift in Sources */,
				CBD0088225F26B4C00CEBD82 /* HapticsManager.swift in Sources */,
				CBD0088825F26BB600CEBD82 /* AudioTrack.swift in Sources */,
				CBD0086425F26A5100CEBD82 /* AuthViewController.swift in Sources */,
				CBD0083A25F265CF00CEBD82 /* AppDelegate.swift in Sources */,
				CBD0085E25F2699D00CEBD82 /* LibraryViewController.swift in Sources */,
				CBD0088E25F26BD500CEBD82 /* UserProfile.swift in Sources */,
				CBD0087425F26AA100CEBD82 /* PlaylistViewController.swift in Sources */,
				CBD0088B25F26BC300CEBD82 /* Artist.swift in Sources */,
				CBD0083C25F265CF00CEBD82 /* SceneDelegate.swift in Sources */,
				CBD0087125F26A9300CEBD82 /* PlayerViewController.swift in Sources */,
				CBD0087B25F26B2200CEBD82 /* Auth.swift in Sources */,
				CBD0087725F26AB500CEBD82 /* SearchResultViewController.swift in Sources */,
				CBD0086B25F26A6F00CEBD82 /* SettingsViewController.swift in Sources */,
			);
			runOnlyForDeploymentPostprocessing = 0;
		};
/* End PBXSourcesBuildPhase section */

/* Begin PBXVariantGroup section */
		CBD0084425F265D000CEBD82 /* LaunchScreen.storyboard */ = {
			isa = PBXVariantGroup;
			children = (
				CBD0084525F265D000CEBD82 /* Base */,
			);
			name = LaunchScreen.storyboard;
			sourceTree = "<group>";
		};
/* End PBXVariantGroup section */

/* Begin XCBuildConfiguration section */
		CBD0084825F265D000CEBD82 /* Debug */ = {
			isa = XCBuildConfiguration;
			buildSettings = {
				ALWAYS_SEARCH_USER_PATHS = NO;
				CLANG_ANALYZER_NONNULL = YES;
				CLANG_ANALYZER_NUMBER_OBJECT_CONVERSION = YES_AGGRESSIVE;
				CLANG_CXX_LANGUAGE_STANDARD = "gnu++14";
				CLANG_CXX_LIBRARY = "libc++";
				CLANG_ENABLE_MODULES = YES;
				CLANG_ENABLE_OBJC_ARC = YES;
				CLANG_ENABLE_OBJC_WEAK = YES;
				CLANG_WARN_BLOCK_CAPTURE_AUTORELEASING = YES;
				CLANG_WARN_BOOL_CONVERSION = YES;
				CLANG_WARN_COMMA = YES;
				CLANG_WARN_CONSTANT_CONVERSION = YES;
				CLANG_WARN_DEPRECATED_OBJC_IMPLEMENTATIONS = YES;
				CLANG_WARN_DIRECT_OBJC_ISA_USAGE = YES_ERROR;
				CLANG_WARN_DOCUMENTATION_COMMENTS = YES;
				CLANG_WARN_EMPTY_BODY = YES;
				CLANG_WARN_ENUM_CONVERSION = YES;
				CLANG_WARN_INFINITE_RECURSION = YES;
				CLANG_WARN_INT_CONVERSION = YES;
				CLANG_WARN_NON_LITERAL_NULL_CONVERSION = YES;
				CLANG_WARN_OBJC_IMPLICIT_RETAIN_SELF = YES;
				CLANG_WARN_OBJC_LITERAL_CONVERSION = YES;
				CLANG_WARN_OBJC_ROOT_CLASS = YES_ERROR;
				CLANG_WARN_QUOTED_INCLUDE_IN_FRAMEWORK_HEADER = YES;
				CLANG_WARN_RANGE_LOOP_ANALYSIS = YES;
				CLANG_WARN_STRICT_PROTOTYPES = YES;
				CLANG_WARN_SUSPICIOUS_MOVE = YES;
				CLANG_WARN_UNGUARDED_AVAILABILITY = YES_AGGRESSIVE;
				CLANG_WARN_UNREACHABLE_CODE = YES;
				CLANG_WARN__DUPLICATE_METHOD_MATCH = YES;
				COPY_PHASE_STRIP = NO;
				DEBUG_INFORMATION_FORMAT = dwarf;
				ENABLE_STRICT_OBJC_MSGSEND = YES;
				ENABLE_TESTABILITY = YES;
				GCC_C_LANGUAGE_STANDARD = gnu11;
				GCC_DYNAMIC_NO_PIC = NO;
				GCC_NO_COMMON_BLOCKS = YES;
				GCC_OPTIMIZATION_LEVEL = 0;
				GCC_PREPROCESSOR_DEFINITIONS = (
					"DEBUG=1",
					"$(inherited)",
				);
				GCC_WARN_64_TO_32_BIT_CONVERSION = YES;
				GCC_WARN_ABOUT_RETURN_TYPE = YES_ERROR;
				GCC_WARN_UNDECLARED_SELECTOR = YES;
				GCC_WARN_UNINITIALIZED_AUTOS = YES_AGGRESSIVE;
				GCC_WARN_UNUSED_FUNCTION = YES;
				GCC_WARN_UNUSED_VARIABLE = YES;
				IPHONEOS_DEPLOYMENT_TARGET = 14.4;
				MTL_ENABLE_DEBUG_INFO = INCLUDE_SOURCE;
				MTL_FAST_MATH = YES;
				ONLY_ACTIVE_ARCH = YES;
				SDKROOT = iphoneos;
				SWIFT_ACTIVE_COMPILATION_CONDITIONS = DEBUG;
				SWIFT_OPTIMIZATION_LEVEL = "-Onone";
			};
			name = Debug;
		};
		CBD0084925F265D000CEBD82 /* Release */ = {
			isa = XCBuildConfiguration;
			buildSettings = {
				ALWAYS_SEARCH_USER_PATHS = NO;
				CLANG_ANALYZER_NONNULL = YES;
				CLANG_ANALYZER_NUMBER_OBJECT_CONVERSION = YES_AGGRESSIVE;
				CLANG_CXX_LANGUAGE_STANDARD = "gnu++14";
				CLANG_CXX_LIBRARY = "libc++";
				CLANG_ENABLE_MODULES = YES;
				CLANG_ENABLE_OBJC_ARC = YES;
				CLANG_ENABLE_OBJC_WEAK = YES;
				CLANG_WARN_BLOCK_CAPTURE_AUTORELEASING = YES;
				CLANG_WARN_BOOL_CONVERSION = YES;
				CLANG_WARN_COMMA = YES;
				CLANG_WARN_CONSTANT_CONVERSION = YES;
				CLANG_WARN_DEPRECATED_OBJC_IMPLEMENTATIONS = YES;
				CLANG_WARN_DIRECT_OBJC_ISA_USAGE = YES_ERROR;
				CLANG_WARN_DOCUMENTATION_COMMENTS = YES;
				CLANG_WARN_EMPTY_BODY = YES;
				CLANG_WARN_ENUM_CONVERSION = YES;
				CLANG_WARN_INFINITE_RECURSION = YES;
				CLANG_WARN_INT_CONVERSION = YES;
				CLANG_WARN_NON_LITERAL_NULL_CONVERSION = YES;
				CLANG_WARN_OBJC_IMPLICIT_RETAIN_SELF = YES;
				CLANG_WARN_OBJC_LITERAL_CONVERSION = YES;
				CLANG_WARN_OBJC_ROOT_CLASS = YES_ERROR;
				CLANG_WARN_QUOTED_INCLUDE_IN_FRAMEWORK_HEADER = YES;
				CLANG_WARN_RANGE_LOOP_ANALYSIS = YES;
				CLANG_WARN_STRICT_PROTOTYPES = YES;
				CLANG_WARN_SUSPICIOUS_MOVE = YES;
				CLANG_WARN_UNGUARDED_AVAILABILITY = YES_AGGRESSIVE;
				CLANG_WARN_UNREACHABLE_CODE = YES;
				CLANG_WARN__DUPLICATE_METHOD_MATCH = YES;
				COPY_PHASE_STRIP = NO;
				DEBUG_INFORMATION_FORMAT = "dwarf-with-dsym";
				ENABLE_NS_ASSERTIONS = NO;
				ENABLE_STRICT_OBJC_MSGSEND = YES;
				GCC_C_LANGUAGE_STANDARD = gnu11;
				GCC_NO_COMMON_BLOCKS = YES;
				GCC_WARN_64_TO_32_BIT_CONVERSION = YES;
				GCC_WARN_ABOUT_RETURN_TYPE = YES_ERROR;
				GCC_WARN_UNDECLARED_SELECTOR = YES;
				GCC_WARN_UNINITIALIZED_AUTOS = YES_AGGRESSIVE;
				GCC_WARN_UNUSED_FUNCTION = YES;
				GCC_WARN_UNUSED_VARIABLE = YES;
				IPHONEOS_DEPLOYMENT_TARGET = 14.4;
				MTL_ENABLE_DEBUG_INFO = NO;
				MTL_FAST_MATH = YES;
				SDKROOT = iphoneos;
				SWIFT_COMPILATION_MODE = wholemodule;
				SWIFT_OPTIMIZATION_LEVEL = "-O";
				VALIDATE_PRODUCT = YES;
			};
			name = Release;
		};
		CBD0084B25F265D000CEBD82 /* Debug */ = {
			isa = XCBuildConfiguration;
			buildSettings = {
				ASSETCATALOG_COMPILER_APPICON_NAME = AppIcon;
				ASSETCATALOG_COMPILER_GLOBAL_ACCENT_COLOR_NAME = AccentColor;
				CODE_SIGN_STYLE = Automatic;
				INFOPLIST_FILE = "Banga!/Info.plist";
				LD_RUNPATH_SEARCH_PATHS = (
					"$(inherited)",
					"@executable_path/Frameworks",
				);
				PRODUCT_BUNDLE_IDENTIFIER = "fredrickosuala.Banga-";
				PRODUCT_NAME = "$(TARGET_NAME)";
				SWIFT_VERSION = 5.0;
				TARGETED_DEVICE_FAMILY = "1,2";
			};
			name = Debug;
		};
		CBD0084C25F265D000CEBD82 /* Release */ = {
			isa = XCBuildConfiguration;
			buildSettings = {
				ASSETCATALOG_COMPILER_APPICON_NAME = AppIcon;
				ASSETCATALOG_COMPILER_GLOBAL_ACCENT_COLOR_NAME = AccentColor;
				CODE_SIGN_STYLE = Automatic;
				INFOPLIST_FILE = "Banga!/Info.plist";
				LD_RUNPATH_SEARCH_PATHS = (
					"$(inherited)",
					"@executable_path/Frameworks",
				);
				PRODUCT_BUNDLE_IDENTIFIER = "fredrickosuala.Banga-";
				PRODUCT_NAME = "$(TARGET_NAME)";
				SWIFT_VERSION = 5.0;
				TARGETED_DEVICE_FAMILY = "1,2";
			};
			name = Release;
		};
/* End XCBuildConfiguration section */

/* Begin XCConfigurationList section */
		CBD0083125F265CF00CEBD82 /* Build configuration list for PBXProject "Banga!" */ = {
			isa = XCConfigurationList;
			buildConfigurations = (
				CBD0084825F265D000CEBD82 /* Debug */,
				CBD0084925F265D000CEBD82 /* Release */,
			);
			defaultConfigurationIsVisible = 0;
			defaultConfigurationName = Release;
		};
		CBD0084A25F265D000CEBD82 /* Build configuration list for PBXNativeTarget "Banga!" */ = {
			isa = XCConfigurationList;
			buildConfigurations = (
				CBD0084B25F265D000CEBD82 /* Debug */,
				CBD0084C25F265D000CEBD82 /* Release */,
			);
			defaultConfigurationIsVisible = 0;
			defaultConfigurationName = Release;
		};
/* End XCConfigurationList section */
	};
	rootObject = CBD0082E25F265CF00CEBD82 /* Project object */;
}
